PODS:
  - Alamofire (5.4.3)
  - NVActivityIndicatorView (5.1.1):
    - NVActivityIndicatorView/Base (= 5.1.1)
  - NVActivityIndicatorView/Base (5.1.1)
  - PryntTrimmerView (4.0.2)
  - SDWebImage (5.11.1):
    - SDWebImage/Core (= 5.11.1)
  - SDWebImage/Core (5.11.1)
  - SwiftMessages (9.0.5):
    - SwiftMessages/App (= 9.0.5)
  - SwiftMessages/App (9.0.5)
  - SwiftVideoGenerator (1.4.0)
  - SwiftyCam (4.0.0)
  - SwiftyJSON (4.3.0)

DEPENDENCIES:
  - Alamofire (~> 5.4)
  - NVActivityIndicatorView
  - PryntTrimmerView
  - SDWebImage (~> 5.0)
  - SwiftMessages
  - SwiftVideoGenerator
  - SwiftyCam
  - SwiftyJSON (~> 4.0)

SPEC REPOS:
  trunk:
    - Alamofire
    - NVActivityIndicatorView
    - PryntTrimmerView
    - SDWebImage
    - SwiftMessages
    - SwiftVideoGenerator
    - SwiftyCam
    - SwiftyJSON

SPEC CHECKSUMS:
  Alamofire: e447a2774a40c996748296fa2c55112fdbbc42f9
  NVActivityIndicatorView: 1f6c5687f1171810aa27a3296814dc2d7dec3667
  PryntTrimmerView: 6a43cc90df5d99addeabd33d4ba09b1365322130
  SDWebImage: a7f831e1a65eb5e285e3fb046a23fcfbf08e696d
  SwiftMessages: 9cca50659fa22bb523b4dd2a958d4442e843a354
  SwiftVideoGenerator: 804637c18f68a4f205d806e305ebceb4adcf3d25
  SwiftyCam: 6e57914771d972fbe508e759dc9d0150a44a93fd
  SwiftyJSON: 6faa0040f8b59dead0ee07436cbf76b73c08fd08

PODFILE CHECKSUM: be2dfdfa09edfb8c8fb1095689d303f2fabc28c4

COCOAPODS: 1.10.1
